// !$*UTF8*$!
{
	archiveVersion = 1;
	classes = {
	};
	objectVersion = 46;
	objects = {

/* Begin PBXBuildFile section */
		81961AB5199AA57D00F8317B /* LShape.swift in Sources */ = {isa = PBXBuildFile; fileRef = 81961AB4199AA57D00F8317B /* LShape.swift */; };
		81961AB8199AA5B200F8317B /* LineShape.swift in Sources */ = {isa = PBXBuildFile; fileRef = 81961AB6199AA5B200F8317B /* LineShape.swift */; };
		81961AB9199AA5B200F8317B /* SquareShape.swift in Sources */ = {isa = PBXBuildFile; fileRef = 81961AB7199AA5B200F8317B /* SquareShape.swift */; };
		81961ABB199AA78A00F8317B /* JShape.swift in Sources */ = {isa = PBXBuildFile; fileRef = 81961ABA199AA78A00F8317B /* JShape.swift */; };
		81961ABD199AA8B400F8317B /* SShape.swift in Sources */ = {isa = PBXBuildFile; fileRef = 81961ABC199AA8B400F8317B /* SShape.swift */; };
		81961ABF199AA97400F8317B /* ZShape.swift in Sources */ = {isa = PBXBuildFile; fileRef = 81961ABE199AA97400F8317B /* ZShape.swift */; };
		81995741199A480600AE9638 /* AppDelegate.swift in Sources */ = {isa = PBXBuildFile; fileRef = 81995740199A480600AE9638 /* AppDelegate.swift */; };
		81995745199A480600AE9638 /* GameScene.swift in Sources */ = {isa = PBXBuildFile; fileRef = 81995744199A480600AE9638 /* GameScene.swift */; };
		81995747199A480600AE9638 /* GameViewController.swift in Sources */ = {isa = PBXBuildFile; fileRef = 81995746199A480600AE9638 /* GameViewController.swift */; };
		8199574A199A480600AE9638 /* Main.storyboard in Resources */ = {isa = PBXBuildFile; fileRef = 81995748199A480600AE9638 /* Main.storyboard */; };
		8199574C199A480600AE9638 /* Images.xcassets in Resources */ = {isa = PBXBuildFile; fileRef = 8199574B199A480600AE9638 /* Images.xcassets */; };
		81995758199A480600AE9638 /* SwiftrisTests.swift in Sources */ = {isa = PBXBuildFile; fileRef = 81995757199A480600AE9638 /* SwiftrisTests.swift */; };
		81995767199A48F900AE9638 /* bomb.mp3 in Resources */ = {isa = PBXBuildFile; fileRef = 81995762199A48F900AE9638 /* bomb.mp3 */; };
		81995768199A48F900AE9638 /* drop.mp3 in Resources */ = {isa = PBXBuildFile; fileRef = 81995763199A48F900AE9638 /* drop.mp3 */; };
		81995769199A48F900AE9638 /* gameover.mp3 in Resources */ = {isa = PBXBuildFile; fileRef = 81995764199A48F900AE9638 /* gameover.mp3 */; };
		8199576A199A48F900AE9638 /* levelup.mp3 in Resources */ = {isa = PBXBuildFile; fileRef = 81995765199A48F900AE9638 /* levelup.mp3 */; };
		8199576B199A48F900AE9638 /* theme.mp3 in Resources */ = {isa = PBXBuildFile; fileRef = 81995766199A48F900AE9638 /* theme.mp3 */; };
		8199576D199A490B00AE9638 /* Sprites.atlas in Resources */ = {isa = PBXBuildFile; fileRef = 8199576C199A490B00AE9638 /* Sprites.atlas */; };
		81995775199A491700AE9638 /* background.png in Resources */ = {isa = PBXBuildFile; fileRef = 8199576F199A491700AE9638 /* background.png */; };
		81995776199A491700AE9638 /* background@2x.png in Resources */ = {isa = PBXBuildFile; fileRef = 81995770199A491700AE9638 /* background@2x.png */; };
		81995777199A491700AE9638 /* gameboard.png in Resources */ = {isa = PBXBuildFile; fileRef = 81995771199A491700AE9638 /* gameboard.png */; };
		81995778199A491700AE9638 /* gameboard@2x.png in Resources */ = {isa = PBXBuildFile; fileRef = 81995772199A491700AE9638 /* gameboard@2x.png */; };
		81995779199A491700AE9638 /* whitebg.png in Resources */ = {isa = PBXBuildFile; fileRef = 81995773199A491700AE9638 /* whitebg.png */; };
		8199577A199A491700AE9638 /* whitebg@2x.png in Resources */ = {isa = PBXBuildFile; fileRef = 81995774199A491700AE9638 /* whitebg@2x.png */; };
		8199577C199A649600AE9638 /* Array2D.swift in Sources */ = {isa = PBXBuildFile; fileRef = 8199577B199A649600AE9638 /* Array2D.swift */; };
		8199577E199A699000AE9638 /* Block.swift in Sources */ = {isa = PBXBuildFile; fileRef = 8199577D199A699000AE9638 /* Block.swift */; };
		81995780199A6DAB00AE9638 /* Shape.swift in Sources */ = {isa = PBXBuildFile; fileRef = 8199577F199A6DAB00AE9638 /* Shape.swift */; };
		81995784199A9FEC00AE9638 /* TShape.swift in Sources */ = {isa = PBXBuildFile; fileRef = 81995783199A9FEC00AE9638 /* TShape.swift */; };
		81D4F0FB199AB2FD0009D6A2 /* Swiftris.swift in Sources */ = {isa = PBXBuildFile; fileRef = 81D4F0FA199AB2FD0009D6A2 /* Swiftris.swift */; };
/* End PBXBuildFile section */

/* Begin PBXContainerItemProxy section */
		81995752199A480600AE9638 /* PBXContainerItemProxy */ = {
			isa = PBXContainerItemProxy;
			containerPortal = 81995733199A480600AE9638 /* Project object */;
			proxyType = 1;
			remoteGlobalIDString = 8199573A199A480600AE9638;
			remoteInfo = Swiftris;
		};
/* End PBXContainerItemProxy section */

/* Begin PBXFileReference section */
		81961AB4199AA57D00F8317B /* LShape.swift */ = {isa = PBXFileReference; fileEncoding = 4; lastKnownFileType = sourcecode.swift; path = LShape.swift; sourceTree = "<group>"; };
		81961AB6199AA5B200F8317B /* LineShape.swift */ = {isa = PBXFileReference; fileEncoding = 4; lastKnownFileType = sourcecode.swift; path = LineShape.swift; sourceTree = "<group>"; };
		81961AB7199AA5B200F8317B /* SquareShape.swift */ = {isa = PBXFileReference; fileEncoding = 4; lastKnownFileType = sourcecode.swift; path = SquareShape.swift; sourceTree = "<group>"; };
		81961ABA199AA78A00F8317B /* JShape.swift */ = {isa = PBXFileReference; fileEncoding = 4; lastKnownFileType = sourcecode.swift; path = JShape.swift; sourceTree = "<group>"; };
		81961ABC199AA8B400F8317B /* SShape.swift */ = {isa = PBXFileReference; fileEncoding = 4; lastKnownFileType = sourcecode.swift; path = SShape.swift; sourceTree = "<group>"; };
		81961ABE199AA97400F8317B /* ZShape.swift */ = {isa = PBXFileReference; fileEncoding = 4; lastKnownFileType = sourcecode.swift; path = ZShape.swift; sourceTree = "<group>"; };
		8199573B199A480600AE9638 /* Swiftris.app */ = {isa = PBXFileReference; explicitFileType = wrapper.application; includeInIndex = 0; path = Swiftris.app; sourceTree = BUILT_PRODUCTS_DIR; };
		8199573F199A480600AE9638 /* Info.plist */ = {isa = PBXFileReference; lastKnownFileType = text.plist.xml; path = Info.plist; sourceTree = "<group>"; };
		81995740199A480600AE9638 /* AppDelegate.swift */ = {isa = PBXFileReference; lastKnownFileType = sourcecode.swift; path = AppDelegate.swift; sourceTree = "<group>"; };
		81995744199A480600AE9638 /* GameScene.swift */ = {isa = PBXFileReference; lastKnownFileType = sourcecode.swift; path = GameScene.swift; sourceTree = "<group>"; };
		81995746199A480600AE9638 /* GameViewController.swift */ = {isa = PBXFileReference; lastKnownFileType = sourcecode.swift; path = GameViewController.swift; sourceTree = "<group>"; };
		81995749199A480600AE9638 /* Base */ = {isa = PBXFileReference; lastKnownFileType = file.storyboard; name = Base; path = Base.lproj/Main.storyboard; sourceTree = "<group>"; };
		8199574B199A480600AE9638 /* Images.xcassets */ = {isa = PBXFileReference; lastKnownFileType = folder.assetcatalog; path = Images.xcassets; sourceTree = "<group>"; };
		81995751199A480600AE9638 /* SwiftrisTests.xctest */ = {isa = PBXFileReference; explicitFileType = wrapper.cfbundle; includeInIndex = 0; path = SwiftrisTests.xctest; sourceTree = BUILT_PRODUCTS_DIR; };
		81995756199A480600AE9638 /* Info.plist */ = {isa = PBXFileReference; lastKnownFileType = text.plist.xml; path = Info.plist; sourceTree = "<group>"; };
		81995757199A480600AE9638 /* SwiftrisTests.swift */ = {isa = PBXFileReference; lastKnownFileType = sourcecode.swift; path = SwiftrisTests.swift; sourceTree = "<group>"; };
		81995762199A48F900AE9638 /* bomb.mp3 */ = {isa = PBXFileReference; lastKnownFileType = audio.mp3; path = bomb.mp3; sourceTree = "<group>"; };
		81995763199A48F900AE9638 /* drop.mp3 */ = {isa = PBXFileReference; lastKnownFileType = audio.mp3; path = drop.mp3; sourceTree = "<group>"; };
		81995764199A48F900AE9638 /* gameover.mp3 */ = {isa = PBXFileReference; lastKnownFileType = audio.mp3; path = gameover.mp3; sourceTree = "<group>"; };
		81995765199A48F900AE9638 /* levelup.mp3 */ = {isa = PBXFileReference; lastKnownFileType = audio.mp3; path = levelup.mp3; sourceTree = "<group>"; };
		81995766199A48F900AE9638 /* theme.mp3 */ = {isa = PBXFileReference; lastKnownFileType = audio.mp3; path = theme.mp3; sourceTree = "<group>"; };
		8199576C199A490B00AE9638 /* Sprites.atlas */ = {isa = PBXFileReference; lastKnownFileType = folder.skatlas; path = Sprites.atlas; sourceTree = "<group>"; };
		8199576F199A491700AE9638 /* background.png */ = {isa = PBXFileReference; lastKnownFileType = image.png; path = background.png; sourceTree = "<group>"; };
		81995770199A491700AE9638 /* background@2x.png */ = {isa = PBXFileReference; lastKnownFileType = image.png; path = "background@2x.png"; sourceTree = "<group>"; };
		81995771199A491700AE9638 /* gameboard.png */ = {isa = PBXFileReference; lastKnownFileType = image.png; path = gameboard.png; sourceTree = "<group>"; };
		81995772199A491700AE9638 /* gameboard@2x.png */ = {isa = PBXFileReference; lastKnownFileType = image.png; path = "gameboard@2x.png"; sourceTree = "<group>"; };
		81995773199A491700AE9638 /* whitebg.png */ = {isa = PBXFileReference; lastKnownFileType = image.png; path = whitebg.png; sourceTree = "<group>"; };
		81995774199A491700AE9638 /* whitebg@2x.png */ = {isa = PBXFileReference; lastKnownFileType = image.png; path = "whitebg@2x.png"; sourceTree = "<group>"; };
		8199577B199A649600AE9638 /* Array2D.swift */ = {isa = PBXFileReference; fileEncoding = 4; lastKnownFileType = sourcecode.swift; path = Array2D.swift; sourceTree = "<group>"; };
		8199577D199A699000AE9638 /* Block.swift */ = {isa = PBXFileReference; fileEncoding = 4; lastKnownFileType = sourcecode.swift; path = Block.swift; sourceTree = "<group>"; };
		8199577F199A6DAB00AE9638 /* Shape.swift */ = {isa = PBXFileReference; fileEncoding = 4; lastKnownFileType = sourcecode.swift; path = Shape.swift; sourceTree = "<group>"; };
		81995783199A9FEC00AE9638 /* TShape.swift */ = {isa = PBXFileReference; fileEncoding = 4; lastKnownFileType = sourcecode.swift; path = TShape.swift; sourceTree = "<group>"; };
		81D4F0FA199AB2FD0009D6A2 /* Swiftris.swift */ = {isa = PBXFileReference; fileEncoding = 4; lastKnownFileType = sourcecode.swift; path = Swiftris.swift; sourceTree = "<group>"; };
/* End PBXFileReference section */

/* Begin PBXFrameworksBuildPhase section */
		81995738199A480600AE9638 /* Frameworks */ = {
			isa = PBXFrameworksBuildPhase;
			buildActionMask = 2147483647;
			files = (
			);
			runOnlyForDeploymentPostprocessing = 0;
		};
		8199574E199A480600AE9638 /* Frameworks */ = {
			isa = PBXFrameworksBuildPhase;
			buildActionMask = 2147483647;
			files = (
			);
			runOnlyForDeploymentPostprocessing = 0;
		};
/* End PBXFrameworksBuildPhase section */

/* Begin PBXGroup section */
		81995732199A480600AE9638 = {
			isa = PBXGroup;
			children = (
				8199573D199A480600AE9638 /* Swiftris */,
				81995754199A480600AE9638 /* SwiftrisTests */,
				8199573C199A480600AE9638 /* Products */,
			);
			sourceTree = "<group>";
		};
		8199573C199A480600AE9638 /* Products */ = {
			isa = PBXGroup;
			children = (
				8199573B199A480600AE9638 /* Swiftris.app */,
				81995751199A480600AE9638 /* SwiftrisTests.xctest */,
			);
			name = Products;
			sourceTree = "<group>";
		};
		8199573D199A480600AE9638 /* Swiftris */ = {
			isa = PBXGroup;
			children = (
				81995740199A480600AE9638 /* AppDelegate.swift */,
				8199577B199A649600AE9638 /* Array2D.swift */,
				8199577D199A699000AE9638 /* Block.swift */,
				81995744199A480600AE9638 /* GameScene.swift */,
				81995746199A480600AE9638 /* GameViewController.swift */,
				8199574B199A480600AE9638 /* Images.xcassets */,
				81961ABA199AA78A00F8317B /* JShape.swift */,
				81961AB6199AA5B200F8317B /* LineShape.swift */,
				81961AB4199AA57D00F8317B /* LShape.swift */,
				81995748199A480600AE9638 /* Main.storyboard */,
				8199577F199A6DAB00AE9638 /* Shape.swift */,
				81961AB7199AA5B200F8317B /* SquareShape.swift */,
				81961ABC199AA8B400F8317B /* SShape.swift */,
				81D4F0FA199AB2FD0009D6A2 /* Swiftris.swift */,
				81995783199A9FEC00AE9638 /* TShape.swift */,
				81961ABE199AA97400F8317B /* ZShape.swift */,
				8199573E199A480600AE9638 /* Supporting Files */,
			);
			path = Swiftris;
			sourceTree = "<group>";
		};
		8199573E199A480600AE9638 /* Supporting Files */ = {
			isa = PBXGroup;
			children = (
				8199576E199A491700AE9638 /* Images */,
				8199576C199A490B00AE9638 /* Sprites.atlas */,
				81995761199A48F900AE9638 /* Sounds */,
				8199573F199A480600AE9638 /* Info.plist */,
			);
			name = "Supporting Files";
			sourceTree = "<group>";
		};
		81995754199A480600AE9638 /* SwiftrisTests */ = {
			isa = PBXGroup;
			children = (
				81995757199A480600AE9638 /* SwiftrisTests.swift */,
				81995755199A480600AE9638 /* Supporting Files */,
			);
			path = SwiftrisTests;
			sourceTree = "<group>";
		};
		81995755199A480600AE9638 /* Supporting Files */ = {
			isa = PBXGroup;
			children = (
				81995756199A480600AE9638 /* Info.plist */,
			);
			name = "Supporting Files";
			sourceTree = "<group>";
		};
		81995761199A48F900AE9638 /* Sounds */ = {
			isa = PBXGroup;
			children = (
				81995762199A48F900AE9638 /* bomb.mp3 */,
				81995763199A48F900AE9638 /* drop.mp3 */,
				81995764199A48F900AE9638 /* gameover.mp3 */,
				81995765199A48F900AE9638 /* levelup.mp3 */,
				81995766199A48F900AE9638 /* theme.mp3 */,
			);
			path = Sounds;
			sourceTree = "<group>";
		};
		8199576E199A491700AE9638 /* Images */ = {
			isa = PBXGroup;
			children = (
				8199576F199A491700AE9638 /* background.png */,
				81995770199A491700AE9638 /* background@2x.png */,
				81995771199A491700AE9638 /* gameboard.png */,
				81995772199A491700AE9638 /* gameboard@2x.png */,
				81995773199A491700AE9638 /* whitebg.png */,
				81995774199A491700AE9638 /* whitebg@2x.png */,
			);
			path = Images;
			sourceTree = "<group>";
		};
/* End PBXGroup section */

/* Begin PBXNativeTarget section */
		8199573A199A480600AE9638 /* Swiftris */ = {
			isa = PBXNativeTarget;
			buildConfigurationList = 8199575B199A480600AE9638 /* Build configuration list for PBXNativeTarget "Swiftris" */;
			buildPhases = (
				81995737199A480600AE9638 /* Sources */,
				81995738199A480600AE9638 /* Frameworks */,
				81995739199A480600AE9638 /* Resources */,
			);
			buildRules = (
			);
			dependencies = (
			);
			name = Swiftris;
			productName = Swiftris;
			productReference = 8199573B199A480600AE9638 /* Swiftris.app */;
			productType = "com.apple.product-type.application";
		};
		81995750199A480600AE9638 /* SwiftrisTests */ = {
			isa = PBXNativeTarget;
			buildConfigurationList = 8199575E199A480600AE9638 /* Build configuration list for PBXNativeTarget "SwiftrisTests" */;
			buildPhases = (
				8199574D199A480600AE9638 /* Sources */,
				8199574E199A480600AE9638 /* Frameworks */,
				8199574F199A480600AE9638 /* Resources */,
			);
			buildRules = (
			);
			dependencies = (
				81995753199A480600AE9638 /* PBXTargetDependency */,
			);
			name = SwiftrisTests;
			productName = SwiftrisTests;
			productReference = 81995751199A480600AE9638 /* SwiftrisTests.xctest */;
			productType = "com.apple.product-type.bundle.unit-test";
		};
/* End PBXNativeTarget section */

/* Begin PBXProject section */
		81995733199A480600AE9638 /* Project object */ = {
			isa = PBXProject;
			attributes = {
				LastUpgradeCheck = 0600;
				ORGANIZATIONNAME = Insoc;
				TargetAttributes = {
					8199573A199A480600AE9638 = {
						CreatedOnToolsVersion = 6.0;
					};
					81995750199A480600AE9638 = {
						CreatedOnToolsVersion = 6.0;
						TestTargetID = 8199573A199A480600AE9638;
					};
				};
			};
			buildConfigurationList = 81995736199A480600AE9638 /* Build configuration list for PBXProject "Swiftris" */;
			compatibilityVersion = "Xcode 3.2";
			developmentRegion = English;
			hasScannedForEncodings = 0;
			knownRegions = (
				en,
				Base,
			);
			mainGroup = 81995732199A480600AE9638;
			productRefGroup = 8199573C199A480600AE9638 /* Products */;
			projectDirPath = "";
			projectRoot = "";
			targets = (
				8199573A199A480600AE9638 /* Swiftris */,
				81995750199A480600AE9638 /* SwiftrisTests */,
			);
		};
/* End PBXProject section */

/* Begin PBXResourcesBuildPhase section */
		81995739199A480600AE9638 /* Resources */ = {
			isa = PBXResourcesBuildPhase;
			buildActionMask = 2147483647;
			files = (
				8199574C199A480600AE9638 /* Images.xcassets in Resources */,
				81995769199A48F900AE9638 /* gameover.mp3 in Resources */,
				81995779199A491700AE9638 /* whitebg.png in Resources */,
				8199576D199A490B00AE9638 /* Sprites.atlas in Resources */,
				81995778199A491700AE9638 /* gameboard@2x.png in Resources */,
				8199574A199A480600AE9638 /* Main.storyboard in Resources */,
				81995767199A48F900AE9638 /* bomb.mp3 in Resources */,
				8199577A199A491700AE9638 /* whitebg@2x.png in Resources */,
				8199576A199A48F900AE9638 /* levelup.mp3 in Resources */,
				8199576B199A48F900AE9638 /* theme.mp3 in Resources */,
				81995775199A491700AE9638 /* background.png in Resources */,
				81995776199A491700AE9638 /* background@2x.png in Resources */,
				81995777199A491700AE9638 /* gameboard.png in Resources */,
				81995768199A48F900AE9638 /* drop.mp3 in Resources */,
			);
			runOnlyForDeploymentPostprocessing = 0;
		};
		8199574F199A480600AE9638 /* Resources */ = {
			isa = PBXResourcesBuildPhase;
			buildActionMask = 2147483647;
			files = (
			);
			runOnlyForDeploymentPostprocessing = 0;
		};
/* End PBXResourcesBuildPhase section */

/* Begin PBXSourcesBuildPhase section */
		81995737199A480600AE9638 /* Sources */ = {
			isa = PBXSourcesBuildPhase;
			buildActionMask = 2147483647;
			files = (
				81961AB5199AA57D00F8317B /* LShape.swift in Sources */,
				81995745199A480600AE9638 /* GameScene.swift in Sources */,
				81995780199A6DAB00AE9638 /* Shape.swift in Sources */,
				81961ABB199AA78A00F8317B /* JShape.swift in Sources */,
				81D4F0FB199AB2FD0009D6A2 /* Swiftris.swift in Sources */,
				8199577C199A649600AE9638 /* Array2D.swift in Sources */,
				81961AB8199AA5B200F8317B /* LineShape.swift in Sources */,
				81995784199A9FEC00AE9638 /* TShape.swift in Sources */,
				81961ABD199AA8B400F8317B /* SShape.swift in Sources */,
				8199577E199A699000AE9638 /* Block.swift in Sources */,
				81995747199A480600AE9638 /* GameViewController.swift in Sources */,
				81961AB9199AA5B200F8317B /* SquareShape.swift in Sources */,
				81961ABF199AA97400F8317B /* ZShape.swift in Sources */,
				81995741199A480600AE9638 /* AppDelegate.swift in Sources */,
			);
			runOnlyForDeploymentPostprocessing = 0;
		};
		8199574D199A480600AE9638 /* Sources */ = {
			isa = PBXSourcesBuildPhase;
			buildActionMask = 2147483647;
			files = (
				81995758199A480600AE9638 /* SwiftrisTests.swift in Sources */,
			);
			runOnlyForDeploymentPostprocessing = 0;
		};
/* End PBXSourcesBuildPhase section */

/* Begin PBXTargetDependency section */
		81995753199A480600AE9638 /* PBXTargetDependency */ = {
			isa = PBXTargetDependency;
			target = 8199573A199A480600AE9638 /* Swiftris */;
			targetProxy = 81995752199A480600AE9638 /* PBXContainerItemProxy */;
		};
/* End PBXTargetDependency section */

/* Begin PBXVariantGroup section */
		81995748199A480600AE9638 /* Main.storyboard */ = {
			isa = PBXVariantGroup;
			children = (
				81995749199A480600AE9638 /* Base */,
			);
			name = Main.storyboard;
			sourceTree = "<group>";
		};
/* End PBXVariantGroup section */

/* Begin XCBuildConfiguration section */
		81995759199A480600AE9638 /* Debug */ = {
			isa = XCBuildConfiguration;
			buildSettings = {
				ALWAYS_SEARCH_USER_PATHS = NO;
				CLANG_CXX_LANGUAGE_STANDARD = "gnu++0x";
				CLANG_CXX_LIBRARY = "libc++";
				CLANG_ENABLE_MODULES = YES;
				CLANG_ENABLE_OBJC_ARC = YES;
				CLANG_WARN_BOOL_CONVERSION = YES;
				CLANG_WARN_CONSTANT_CONVERSION = YES;
				CLANG_WARN_DIRECT_OBJC_ISA_USAGE = YES_ERROR;
				CLANG_WARN_EMPTY_BODY = YES;
				CLANG_WARN_ENUM_CONVERSION = YES;
				CLANG_WARN_INT_CONVERSION = YES;
				CLANG_WARN_OBJC_ROOT_CLASS = YES_ERROR;
				CLANG_WARN_UNREACHABLE_CODE = YES;
				CLANG_WARN__DUPLICATE_METHOD_MATCH = YES;
				"CODE_SIGN_IDENTITY[sdk=iphoneos*]" = "iPhone Developer";
				COPY_PHASE_STRIP = NO;
				ENABLE_STRICT_OBJC_MSGSEND = YES;
				GCC_C_LANGUAGE_STANDARD = gnu99;
				GCC_DYNAMIC_NO_PIC = NO;
				GCC_OPTIMIZATION_LEVEL = 0;
				GCC_PREPROCESSOR_DEFINITIONS = (
					"DEBUG=1",
					"$(inherited)",
				);
				GCC_SYMBOLS_PRIVATE_EXTERN = NO;
				GCC_WARN_64_TO_32_BIT_CONVERSION = YES;
				GCC_WARN_ABOUT_RETURN_TYPE = YES_ERROR;
				GCC_WARN_UNDECLARED_SELECTOR = YES;
				GCC_WARN_UNINITIALIZED_AUTOS = YES_AGGRESSIVE;
				GCC_WARN_UNUSED_FUNCTION = YES;
				GCC_WARN_UNUSED_VARIABLE = YES;
				IPHONEOS_DEPLOYMENT_TARGET = 8.0;
				MTL_ENABLE_DEBUG_INFO = YES;
				ONLY_ACTIVE_ARCH = YES;
				SDKROOT = iphoneos;
				SWIFT_OPTIMIZATION_LEVEL = "-Onone";
			};
			name = Debug;
		};
		8199575A199A480600AE9638 /* Release */ = {
			isa = XCBuildConfiguration;
			buildSettings = {
				ALWAYS_SEARCH_USER_PATHS = NO;
				CLANG_CXX_LANGUAGE_STANDARD = "gnu++0x";
				CLANG_CXX_LIBRARY = "libc++";
				CLANG_ENABLE_MODULES = YES;
				CLANG_ENABLE_OBJC_ARC = YES;
				CLANG_WARN_BOOL_CONVERSION = YES;
				CLANG_WARN_CONSTANT_CONVERSION = YES;
				CLANG_WARN_DIRECT_OBJC_ISA_USAGE = YES_ERROR;
				CLANG_WARN_EMPTY_BODY = YES;
				CLANG_WARN_ENUM_CONVERSION = YES;
				CLANG_WARN_INT_CONVERSION = YES;
				CLANG_WARN_OBJC_ROOT_CLASS = YES_ERROR;
				CLANG_WARN_UNREACHABLE_CODE = YES;
				CLANG_WARN__DUPLICATE_METHOD_MATCH = YES;
				"CODE_SIGN_IDENTITY[sdk=iphoneos*]" = "iPhone Developer";
				COPY_PHASE_STRIP = YES;
				ENABLE_NS_ASSERTIONS = NO;
				ENABLE_STRICT_OBJC_MSGSEND = YES;
				GCC_C_LANGUAGE_STANDARD = gnu99;
				GCC_WARN_64_TO_32_BIT_CONVERSION = YES;
				GCC_WARN_ABOUT_RETURN_TYPE = YES_ERROR;
				GCC_WARN_UNDECLARED_SELECTOR = YES;
				GCC_WARN_UNINITIALIZED_AUTOS = YES_AGGRESSIVE;
				GCC_WARN_UNUSED_FUNCTION = YES;
				GCC_WARN_UNUSED_VARIABLE = YES;
				IPHONEOS_DEPLOYMENT_TARGET = 8.0;
				MTL_ENABLE_DEBUG_INFO = NO;
				SDKROOT = iphoneos;
				VALIDATE_PRODUCT = YES;
			};
			name = Release;
		};
		8199575C199A480600AE9638 /* Debug */ = {
			isa = XCBuildConfiguration;
			buildSettings = {
				ASSETCATALOG_COMPILER_APPICON_NAME = AppIcon;
				ASSETCATALOG_COMPILER_LAUNCHIMAGE_NAME = LaunchImage;
				INFOPLIST_FILE = Swiftris/Info.plist;
				LD_RUNPATH_SEARCH_PATHS = "$(inherited) @executable_path/Frameworks";
				PRODUCT_NAME = "$(TARGET_NAME)";
			};
			name = Debug;
		};
		8199575D199A480600AE9638 /* Release */ = {
			isa = XCBuildConfiguration;
			buildSettings = {
				ASSETCATALOG_COMPILER_APPICON_NAME = AppIcon;
				ASSETCATALOG_COMPILER_LAUNCHIMAGE_NAME = LaunchImage;
				INFOPLIST_FILE = Swiftris/Info.plist;
				LD_RUNPATH_SEARCH_PATHS = "$(inherited) @executable_path/Frameworks";
				PRODUCT_NAME = "$(TARGET_NAME)";
			};
			name = Release;
		};
		8199575F199A480600AE9638 /* Debug */ = {
			isa = XCBuildConfiguration;
			buildSettings = {
				BUNDLE_LOADER = "$(TEST_HOST)";
				FRAMEWORK_SEARCH_PATHS = (
					"$(SDKROOT)/Developer/Library/Frameworks",
					"$(inherited)",
				);
				GCC_PREPROCESSOR_DEFINITIONS = (
					"DEBUG=1",
					"$(inherited)",
				);
				INFOPLIST_FILE = SwiftrisTests/Info.plist;
				LD_RUNPATH_SEARCH_PATHS = "$(inherited) @executable_path/Frameworks @loader_path/Frameworks";
				PRODUCT_NAME = "$(TARGET_NAME)";
				TEST_HOST = "$(BUILT_PRODUCTS_DIR)/Swiftris.app/Swiftris";
			};
			name = Debug;
		};
		81995760199A480600AE9638 /* Release */ = {
			isa = XCBuildConfiguration;
			buildSettings = {
				BUNDLE_LOADER = "$(TEST_HOST)";
				FRAMEWORK_SEARCH_PATHS = (
					"$(SDKROOT)/Developer/Library/Frameworks",
					"$(inherited)",
				);
				INFOPLIST_FILE = SwiftrisTests/Info.plist;
				LD_RUNPATH_SEARCH_PATHS = "$(inherited) @executable_path/Frameworks @loader_path/Frameworks";
				PRODUCT_NAME = "$(TARGET_NAME)";
				TEST_HOST = "$(BUILT_PRODUCTS_DIR)/Swiftris.app/Swiftris";
			};
			name = Release;
		};
/* End XCBuildConfiguration section */

/* Begin XCConfigurationList section */
		81995736199A480600AE9638 /* Build configuration list for PBXProject "Swiftris" */ = {
			isa = XCConfigurationList;
			buildConfigurations = (
				81995759199A480600AE9638 /* Debug */,
				8199575A199A480600AE9638 /* Release */,
			);
			defaultConfigurationIsVisible = 0;
			defaultConfigurationName = Release;
		};
		8199575B199A480600AE9638 /* Build configuration list for PBXNativeTarget "Swiftris" */ = {
			isa = XCConfigurationList;
			buildConfigurations = (
				8199575C199A480600AE9638 /* Debug */,
				8199575D199A480600AE9638 /* Release */,
			);
			defaultConfigurationIsVisible = 0;
			defaultConfigurationName = Release;
		};
		8199575E199A480600AE9638 /* Build configuration list for PBXNativeTarget "SwiftrisTests" */ = {
			isa = XCConfigurationList;
			buildConfigurations = (
				8199575F199A480600AE9638 /* Debug */,
				81995760199A480600AE9638 /* Release */,
			);
			defaultConfigurationIsVisible = 0;
			defaultConfigurationName = Release;
		};
/* End XCConfigurationList section */
	};
	rootObject = 81995733199A480600AE9638 /* Project object */;
}
